
Microsoft Visual Studio Solution File, Format Version 12.00
# Visual Studio Version 16
VisualStudioVersion = 16.0.32106.194
MinimumVisualStudioVersion = 10.0.40219.1
Project("{FAE04EC0-301F-11D3-BF4B-00C04F79EFBC}") = "Kashkeshet.Client", "Kashkeshet.Client.csproj", "{BFB1EE84-890D-4422-B880-7F2503BC28FE}"
EndProject
Project("{FAE04EC0-301F-11D3-BF4B-00C04F79EFBC}") = "Kashkeshet.NetworkBll", "..\Kashkeshet.NetworkBll\Kashkeshet.NetworkBll.csproj", "{4B68C316-46C6-4026-885E-CF90E07B41EC}"
EndProject
Project("{FAE04EC0-301F-11D3-BF4B-00C04F79EFBC}") = "Kashkeshet.LogicBll", "..\Kashkeshet.LogicBll\Kashkeshet.LogicBll.csproj", "{273643C8-3EBD-4B97-9210-01C667B554F6}"
EndProject
Global
	GlobalSection(SolutionConfigurationPlatforms) = preSolution
		Debug|Any CPU = Debug|Any CPU
		Release|Any CPU = Release|Any CPU
	EndGlobalSection
	GlobalSection(ProjectConfigurationPlatforms) = postSolution
		{BFB1EE84-890D-4422-B880-7F2503BC28FE}.Debug|Any CPU.ActiveCfg = Debug|Any CPU
		{BFB1EE84-890D-4422-B880-7F2503BC28FE}.Debug|Any CPU.Build.0 = Debug|Any CPU
		{BFB1EE84-890D-4422-B880-7F2503BC28FE}.Release|Any CPU.ActiveCfg = Release|Any CPU
		{BFB1EE84-890D-4422-B880-7F2503BC28FE}.Release|Any CPU.Build.0 = Release|Any CPU
		{4B68C316-46C6-4026-885E-CF90E07B41EC}.Debug|Any CPU.ActiveCfg = Debug|Any CPU
		{4B68C316-46C6-4026-885E-CF90E07B41EC}.Debug|Any CPU.Build.0 = Debug|Any CPU
		{4B68C316-46C6-4026-885E-CF90E07B41EC}.Release|Any CPU.ActiveCfg = Release|Any CPU
		{4B68C316-46C6-4026-885E-CF90E07B41EC}.Release|Any CPU.Build.0 = Release|Any CPU
		{273643C8-3EBD-4B97-9210-01C667B554F6}.Debug|Any CPU.ActiveCfg = Debug|Any CPU
		{273643C8-3EBD-4B97-9210-01C667B554F6}.Debug|Any CPU.Build.0 = Debug|Any CPU
		{273643C8-3EBD-4B97-9210-01C667B554F6}.Release|Any CPU.ActiveCfg = Release|Any CPU
		{273643C8-3EBD-4B97-9210-01C667B554F6}.Release|Any CPU.Build.0 = Release|Any CPU
	EndGlobalSection
	GlobalSection(SolutionProperties) = preSolution
		HideSolutionNode = FALSE
	EndGlobalSection
	GlobalSection(ExtensibilityGlobals) = postSolution
		SolutionGuid = {342EEBCC-4F92-411A-9010-064A6D5E56B9}
	EndGlobalSection
EndGlobal
